
Microsoft Visual Studio Solution File, Format Version 12.00
# Visual Studio 14
VisualStudioVersion = 14.0.25123.0
MinimumVisualStudioVersion = 10.0.40219.1
Project("{FAE04EC0-301F-11D3-BF4B-00C04F79EFBC}") = "OrgComparer", "OrgComparer\OrgComparer.csproj", "{07D23661-389B-4C38-83AF-9824F2B53FA7}"
EndProject
Project("{FAE04EC0-301F-11D3-BF4B-00C04F79EFBC}") = "OrgComparerConsole", "OrgComparerConsole\OrgComparerConsole.csproj", "{A21B763A-9475-41B2-A78B-29112D78D7FB}"
EndProject
Global
	GlobalSection(SolutionConfigurationPlatforms) = preSolution
		Debug|Any CPU = Debug|Any CPU
		Release|Any CPU = Release|Any CPU
	EndGlobalSection
	GlobalSection(ProjectConfigurationPlatforms) = postSolution
		{07D23661-389B-4C38-83AF-9824F2B53FA7}.Debug|Any CPU.ActiveCfg = Debug|Any CPU
		{07D23661-389B-4C38-83AF-9824F2B53FA7}.Debug|Any CPU.Build.0 = Debug|Any CPU
		{07D23661-389B-4C38-83AF-9824F2B53FA7}.Release|Any CPU.ActiveCfg = Release|Any CPU
		{07D23661-389B-4C38-83AF-9824F2B53FA7}.Release|Any CPU.Build.0 = Release|Any CPU
		{A21B763A-9475-41B2-A78B-29112D78D7FB}.Debug|Any CPU.ActiveCfg = Debug|Any CPU
		{A21B763A-9475-41B2-A78B-29112D78D7FB}.Debug|Any CPU.Build.0 = Debug|Any CPU
		{A21B763A-9475-41B2-A78B-29112D78D7FB}.Release|Any CPU.ActiveCfg = Release|Any CPU
		{A21B763A-9475-41B2-A78B-29112D78D7FB}.Release|Any CPU.Build.0 = Release|Any CPU
	EndGlobalSection
	GlobalSection(SolutionProperties) = preSolution
		HideSolutionNode = FALSE
	EndGlobalSection
EndGlobal
